
Microsoft Visual Studio Solution File, Format Version 12.00
Project("{FAE04EC0-301F-11D3-BF4B-00C04F79EFBC}") = "Domain", "Domain\Domain.csproj", "{155BBEF6-8977-4D11-9736-B016466E68D2}"
EndProject
Project("{2150E333-8FDC-42A3-9474-1A3956D46DE8}") = "01", "01", "{4116D144-2951-4958-98D7-449B686BF078}"
EndProject
Project("{FAE04EC0-301F-11D3-BF4B-00C04F79EFBC}") = "01-PersonalizationApi", "01-PersonalizationApi\01-PersonalizationApi.csproj", "{A6A330B8-DCF2-46A5-8964-E9A9BEBD8ECE}"
EndProject
Project("{FAE04EC0-301F-11D3-BF4B-00C04F79EFBC}") = "01-BrokerApi", "01-BrokerApi\01-BrokerApi.csproj", "{5184982D-82DF-41BD-9A6C-794736DDEB8F}"
EndProject
Project("{FAE04EC0-301F-11D3-BF4B-00C04F79EFBC}") = "Common", "Common\Common.csproj", "{3F145799-2530-49F8-84F2-B5DA5C189423}"
EndProject
Project("{2150E333-8FDC-42A3-9474-1A3956D46DE8}") = "02", "02", "{474B697C-22A2-405C-A854-25DE4951CA05}"
EndProject
Project("{FAE04EC0-301F-11D3-BF4B-00C04F79EFBC}") = "02-Host", "02-Host\02-Host.csproj", "{4B93B5BA-A630-49E9-BB18-09260D74E14B}"
EndProject
Project("{FAE04EC0-301F-11D3-BF4B-00C04F79EFBC}") = "02-Domain", "02-Domain\02-Domain.csproj", "{5E578125-2028-452D-BB75-144B24F81526}"
EndProject
Project("{FAE04EC0-301F-11D3-BF4B-00C04F79EFBC}") = "02-Database", "02-Database\02-Database.csproj", "{C0B1FDC7-D953-4B77-B144-7394347A739A}"
EndProject
Project("{FAE04EC0-301F-11D3-BF4B-00C04F79EFBC}") = "02-Tests", "02-Tests\02-Tests.csproj", "{826EAFA8-D247-42EB-8DBD-B77693BC0390}"
EndProject
Project("{2150E333-8FDC-42A3-9474-1A3956D46DE8}") = "03", "03", "{10330462-55C1-4B06-957E-055824F74F61}"
EndProject
Project("{FAE04EC0-301F-11D3-BF4B-00C04F79EFBC}") = "03-APQ", "03-APQ\03-APQ.csproj", "{C741A257-B441-4F2D-87FC-8B5DA07D0DEA}"
EndProject
Project("{FAE04EC0-301F-11D3-BF4B-00C04F79EFBC}") = "03-PQ", "03-PQ\03-PQ.csproj", "{9E0BE858-D87E-427A-823B-3BED5640E6B4}"
EndProject
Global
	GlobalSection(SolutionConfigurationPlatforms) = preSolution
		Debug|Any CPU = Debug|Any CPU
		Release|Any CPU = Release|Any CPU
	EndGlobalSection
	GlobalSection(ProjectConfigurationPlatforms) = postSolution
		{155BBEF6-8977-4D11-9736-B016466E68D2}.Debug|Any CPU.ActiveCfg = Debug|Any CPU
		{155BBEF6-8977-4D11-9736-B016466E68D2}.Debug|Any CPU.Build.0 = Debug|Any CPU
		{155BBEF6-8977-4D11-9736-B016466E68D2}.Release|Any CPU.ActiveCfg = Release|Any CPU
		{155BBEF6-8977-4D11-9736-B016466E68D2}.Release|Any CPU.Build.0 = Release|Any CPU
		{A6A330B8-DCF2-46A5-8964-E9A9BEBD8ECE}.Debug|Any CPU.ActiveCfg = Debug|Any CPU
		{A6A330B8-DCF2-46A5-8964-E9A9BEBD8ECE}.Debug|Any CPU.Build.0 = Debug|Any CPU
		{A6A330B8-DCF2-46A5-8964-E9A9BEBD8ECE}.Release|Any CPU.ActiveCfg = Release|Any CPU
		{A6A330B8-DCF2-46A5-8964-E9A9BEBD8ECE}.Release|Any CPU.Build.0 = Release|Any CPU
		{5184982D-82DF-41BD-9A6C-794736DDEB8F}.Debug|Any CPU.ActiveCfg = Debug|Any CPU
		{5184982D-82DF-41BD-9A6C-794736DDEB8F}.Debug|Any CPU.Build.0 = Debug|Any CPU
		{5184982D-82DF-41BD-9A6C-794736DDEB8F}.Release|Any CPU.ActiveCfg = Release|Any CPU
		{5184982D-82DF-41BD-9A6C-794736DDEB8F}.Release|Any CPU.Build.0 = Release|Any CPU
		{3F145799-2530-49F8-84F2-B5DA5C189423}.Debug|Any CPU.ActiveCfg = Debug|Any CPU
		{3F145799-2530-49F8-84F2-B5DA5C189423}.Debug|Any CPU.Build.0 = Debug|Any CPU
		{3F145799-2530-49F8-84F2-B5DA5C189423}.Release|Any CPU.ActiveCfg = Release|Any CPU
		{3F145799-2530-49F8-84F2-B5DA5C189423}.Release|Any CPU.Build.0 = Release|Any CPU
		{4B93B5BA-A630-49E9-BB18-09260D74E14B}.Debug|Any CPU.ActiveCfg = Debug|Any CPU
		{4B93B5BA-A630-49E9-BB18-09260D74E14B}.Debug|Any CPU.Build.0 = Debug|Any CPU
		{4B93B5BA-A630-49E9-BB18-09260D74E14B}.Release|Any CPU.ActiveCfg = Release|Any CPU
		{4B93B5BA-A630-49E9-BB18-09260D74E14B}.Release|Any CPU.Build.0 = Release|Any CPU
		{5E578125-2028-452D-BB75-144B24F81526}.Debug|Any CPU.ActiveCfg = Debug|Any CPU
		{5E578125-2028-452D-BB75-144B24F81526}.Debug|Any CPU.Build.0 = Debug|Any CPU
		{5E578125-2028-452D-BB75-144B24F81526}.Release|Any CPU.ActiveCfg = Release|Any CPU
		{5E578125-2028-452D-BB75-144B24F81526}.Release|Any CPU.Build.0 = Release|Any CPU
		{C0B1FDC7-D953-4B77-B144-7394347A739A}.Debug|Any CPU.ActiveCfg = Debug|Any CPU
		{C0B1FDC7-D953-4B77-B144-7394347A739A}.Debug|Any CPU.Build.0 = Debug|Any CPU
		{C0B1FDC7-D953-4B77-B144-7394347A739A}.Release|Any CPU.ActiveCfg = Release|Any CPU
		{C0B1FDC7-D953-4B77-B144-7394347A739A}.Release|Any CPU.Build.0 = Release|Any CPU
		{826EAFA8-D247-42EB-8DBD-B77693BC0390}.Debug|Any CPU.ActiveCfg = Debug|Any CPU
		{826EAFA8-D247-42EB-8DBD-B77693BC0390}.Debug|Any CPU.Build.0 = Debug|Any CPU
		{826EAFA8-D247-42EB-8DBD-B77693BC0390}.Release|Any CPU.ActiveCfg = Release|Any CPU
		{826EAFA8-D247-42EB-8DBD-B77693BC0390}.Release|Any CPU.Build.0 = Release|Any CPU
		{C741A257-B441-4F2D-87FC-8B5DA07D0DEA}.Debug|Any CPU.ActiveCfg = Debug|Any CPU
		{C741A257-B441-4F2D-87FC-8B5DA07D0DEA}.Debug|Any CPU.Build.0 = Debug|Any CPU
		{C741A257-B441-4F2D-87FC-8B5DA07D0DEA}.Release|Any CPU.ActiveCfg = Release|Any CPU
		{C741A257-B441-4F2D-87FC-8B5DA07D0DEA}.Release|Any CPU.Build.0 = Release|Any CPU
		{9E0BE858-D87E-427A-823B-3BED5640E6B4}.Debug|Any CPU.ActiveCfg = Debug|Any CPU
		{9E0BE858-D87E-427A-823B-3BED5640E6B4}.Debug|Any CPU.Build.0 = Debug|Any CPU
		{9E0BE858-D87E-427A-823B-3BED5640E6B4}.Release|Any CPU.ActiveCfg = Release|Any CPU
		{9E0BE858-D87E-427A-823B-3BED5640E6B4}.Release|Any CPU.Build.0 = Release|Any CPU
	EndGlobalSection
	GlobalSection(NestedProjects) = preSolution
		{A6A330B8-DCF2-46A5-8964-E9A9BEBD8ECE} = {4116D144-2951-4958-98D7-449B686BF078}
		{5184982D-82DF-41BD-9A6C-794736DDEB8F} = {4116D144-2951-4958-98D7-449B686BF078}
		{4B93B5BA-A630-49E9-BB18-09260D74E14B} = {474B697C-22A2-405C-A854-25DE4951CA05}
		{155BBEF6-8977-4D11-9736-B016466E68D2} = {4116D144-2951-4958-98D7-449B686BF078}
		{5E578125-2028-452D-BB75-144B24F81526} = {474B697C-22A2-405C-A854-25DE4951CA05}
		{C0B1FDC7-D953-4B77-B144-7394347A739A} = {474B697C-22A2-405C-A854-25DE4951CA05}
		{826EAFA8-D247-42EB-8DBD-B77693BC0390} = {474B697C-22A2-405C-A854-25DE4951CA05}
		{C741A257-B441-4F2D-87FC-8B5DA07D0DEA} = {10330462-55C1-4B06-957E-055824F74F61}
		{9E0BE858-D87E-427A-823B-3BED5640E6B4} = {10330462-55C1-4B06-957E-055824F74F61}
	EndGlobalSection
EndGlobal
